
Microsoft Visual Studio Solution File, Format Version 12.00
# Visual Studio 14
VisualStudioVersion = 14.0.25420.1
MinimumVisualStudioVersion = 10.0.40219.1
Project("{8BB2217D-0F2D-49D1-97BC-3654ED321F3B}") = "Raven.Assure", "Raven.Assure\Raven.Assure.xproj", "{C8DAF021-7DB5-4566-A4BB-60BA0C25E93E}"
EndProject
Project("{8BB2217D-0F2D-49D1-97BC-3654ED321F3B}") = "Raven.Assure.Test", "Raven.Assure.Test\Raven.Assure.Test.xproj", "{CD34BC58-FA29-41A8-966E-43EE388323CC}"
EndProject
Global
	GlobalSection(SolutionConfigurationPlatforms) = preSolution
		Debug|Any CPU = Debug|Any CPU
		Release|Any CPU = Release|Any CPU
	EndGlobalSection
	GlobalSection(ProjectConfigurationPlatforms) = postSolution
		{C8DAF021-7DB5-4566-A4BB-60BA0C25E93E}.Debug|Any CPU.ActiveCfg = Debug|Any CPU
		{C8DAF021-7DB5-4566-A4BB-60BA0C25E93E}.Debug|Any CPU.Build.0 = Debug|Any CPU
		{C8DAF021-7DB5-4566-A4BB-60BA0C25E93E}.Release|Any CPU.ActiveCfg = Release|Any CPU
		{C8DAF021-7DB5-4566-A4BB-60BA0C25E93E}.Release|Any CPU.Build.0 = Release|Any CPU
		{CD34BC58-FA29-41A8-966E-43EE388323CC}.Debug|Any CPU.ActiveCfg = Debug|Any CPU
		{CD34BC58-FA29-41A8-966E-43EE388323CC}.Debug|Any CPU.Build.0 = Debug|Any CPU
		{CD34BC58-FA29-41A8-966E-43EE388323CC}.Release|Any CPU.ActiveCfg = Release|Any CPU
		{CD34BC58-FA29-41A8-966E-43EE388323CC}.Release|Any CPU.Build.0 = Release|Any CPU
	EndGlobalSection
	GlobalSection(SolutionProperties) = preSolution
		HideSolutionNode = FALSE
	EndGlobalSection
EndGlobal
